
Microsoft Visual Studio Solution File, Format Version 12.00
Project("{FAE04EC0-301F-11D3-BF4B-00C04F79EFBC}") = "atompds", "atompds\atompds.csproj", "{0A05980F-B070-4727-A15B-17D34F572FE2}"
EndProject
Project("{FAE04EC0-301F-11D3-BF4B-00C04F79EFBC}") = "pdsadmin", "pdsadmin\pdsadmin.csproj", "{61CFBCD5-B6CF-4212-B5D2-796C86E7C8D6}"
EndProject
Project("{FAE04EC0-301F-11D3-BF4B-00C04F79EFBC}") = "Crypto", "Crypto\Crypto.csproj", "{D600087A-9DDA-4885-AF8A-63A86D7F8CA4}"
EndProject
Project("{FAE04EC0-301F-11D3-BF4B-00C04F79EFBC}") = "DidLib", "DidLib\DidLib.csproj", "{3A0B2B59-2687-44B6-AFBB-9FCE5E835D88}"
EndProject
Project("{FAE04EC0-301F-11D3-BF4B-00C04F79EFBC}") = "Repo", "Repo\Repo.csproj", "{5B47217E-935B-497E-8EE2-9533C8FB22D4}"
EndProject
Project("{FAE04EC0-301F-11D3-BF4B-00C04F79EFBC}") = "Identity", "Identity\Identity.csproj", "{971D8A2E-8BFB-4FF2-8D6A-37FB31170C4C}"
EndProject
Project("{FAE04EC0-301F-11D3-BF4B-00C04F79EFBC}") = "CommonWeb", "CommonWeb\CommonWeb.csproj", "{75777CA1-8B97-48B6-98AB-12596711131A}"
EndProject
Project("{FAE04EC0-301F-11D3-BF4B-00C04F79EFBC}") = "Xrpc", "Xrpc\Xrpc.csproj", "{70131178-120C-4D1A-ACCA-CA88ADBD53BD}"
EndProject
Project("{FAE04EC0-301F-11D3-BF4B-00C04F79EFBC}") = "CID", "CID\CID.csproj", "{ECFEFF57-E7E6-402E-97D2-13102CF6E257}"
EndProject
Project("{2150E333-8FDC-42A3-9474-1A3956D46DE8}") = "Tests", "Tests", "{DB251140-979C-4C66-AB29-8FBE47E33F20}"
EndProject
Project("{FAE04EC0-301F-11D3-BF4B-00C04F79EFBC}") = "CID.Tests", "CID.Tests\CID.Tests.csproj", "{EB8EA76A-D8EB-47D1-80AF-C266B0CC5CBD}"
EndProject
Project("{FAE04EC0-301F-11D3-BF4B-00C04F79EFBC}") = "Common", "Common\Common.csproj", "{39AD6CEA-007E-49C3-9F14-04D0796B48D2}"
EndProject
Project("{FAE04EC0-301F-11D3-BF4B-00C04F79EFBC}") = "Common.Test", "Common.Test\Common.Test.csproj", "{807A59D9-246E-4A5E-AACD-78B0BDDDD608}"
EndProject
Global
	GlobalSection(SolutionConfigurationPlatforms) = preSolution
		Debug|Any CPU = Debug|Any CPU
		Release|Any CPU = Release|Any CPU
	EndGlobalSection
	GlobalSection(ProjectConfigurationPlatforms) = postSolution
		{0A05980F-B070-4727-A15B-17D34F572FE2}.Debug|Any CPU.ActiveCfg = Debug|Any CPU
		{0A05980F-B070-4727-A15B-17D34F572FE2}.Debug|Any CPU.Build.0 = Debug|Any CPU
		{0A05980F-B070-4727-A15B-17D34F572FE2}.Release|Any CPU.ActiveCfg = Release|Any CPU
		{0A05980F-B070-4727-A15B-17D34F572FE2}.Release|Any CPU.Build.0 = Release|Any CPU
		{61CFBCD5-B6CF-4212-B5D2-796C86E7C8D6}.Debug|Any CPU.ActiveCfg = Debug|Any CPU
		{61CFBCD5-B6CF-4212-B5D2-796C86E7C8D6}.Debug|Any CPU.Build.0 = Debug|Any CPU
		{61CFBCD5-B6CF-4212-B5D2-796C86E7C8D6}.Release|Any CPU.ActiveCfg = Release|Any CPU
		{61CFBCD5-B6CF-4212-B5D2-796C86E7C8D6}.Release|Any CPU.Build.0 = Release|Any CPU
		{D600087A-9DDA-4885-AF8A-63A86D7F8CA4}.Debug|Any CPU.ActiveCfg = Debug|Any CPU
		{D600087A-9DDA-4885-AF8A-63A86D7F8CA4}.Debug|Any CPU.Build.0 = Debug|Any CPU
		{D600087A-9DDA-4885-AF8A-63A86D7F8CA4}.Release|Any CPU.ActiveCfg = Release|Any CPU
		{D600087A-9DDA-4885-AF8A-63A86D7F8CA4}.Release|Any CPU.Build.0 = Release|Any CPU
		{3A0B2B59-2687-44B6-AFBB-9FCE5E835D88}.Debug|Any CPU.ActiveCfg = Debug|Any CPU
		{3A0B2B59-2687-44B6-AFBB-9FCE5E835D88}.Debug|Any CPU.Build.0 = Debug|Any CPU
		{3A0B2B59-2687-44B6-AFBB-9FCE5E835D88}.Release|Any CPU.ActiveCfg = Release|Any CPU
		{3A0B2B59-2687-44B6-AFBB-9FCE5E835D88}.Release|Any CPU.Build.0 = Release|Any CPU
		{5B47217E-935B-497E-8EE2-9533C8FB22D4}.Debug|Any CPU.ActiveCfg = Debug|Any CPU
		{5B47217E-935B-497E-8EE2-9533C8FB22D4}.Debug|Any CPU.Build.0 = Debug|Any CPU
		{5B47217E-935B-497E-8EE2-9533C8FB22D4}.Release|Any CPU.ActiveCfg = Release|Any CPU
		{5B47217E-935B-497E-8EE2-9533C8FB22D4}.Release|Any CPU.Build.0 = Release|Any CPU
		{971D8A2E-8BFB-4FF2-8D6A-37FB31170C4C}.Debug|Any CPU.ActiveCfg = Debug|Any CPU
		{971D8A2E-8BFB-4FF2-8D6A-37FB31170C4C}.Debug|Any CPU.Build.0 = Debug|Any CPU
		{971D8A2E-8BFB-4FF2-8D6A-37FB31170C4C}.Release|Any CPU.ActiveCfg = Release|Any CPU
		{971D8A2E-8BFB-4FF2-8D6A-37FB31170C4C}.Release|Any CPU.Build.0 = Release|Any CPU
		{75777CA1-8B97-48B6-98AB-12596711131A}.Debug|Any CPU.ActiveCfg = Debug|Any CPU
		{75777CA1-8B97-48B6-98AB-12596711131A}.Debug|Any CPU.Build.0 = Debug|Any CPU
		{75777CA1-8B97-48B6-98AB-12596711131A}.Release|Any CPU.ActiveCfg = Release|Any CPU
		{75777CA1-8B97-48B6-98AB-12596711131A}.Release|Any CPU.Build.0 = Release|Any CPU
		{70131178-120C-4D1A-ACCA-CA88ADBD53BD}.Debug|Any CPU.ActiveCfg = Debug|Any CPU
		{70131178-120C-4D1A-ACCA-CA88ADBD53BD}.Debug|Any CPU.Build.0 = Debug|Any CPU
		{70131178-120C-4D1A-ACCA-CA88ADBD53BD}.Release|Any CPU.ActiveCfg = Release|Any CPU
		{70131178-120C-4D1A-ACCA-CA88ADBD53BD}.Release|Any CPU.Build.0 = Release|Any CPU
		{ECFEFF57-E7E6-402E-97D2-13102CF6E257}.Debug|Any CPU.ActiveCfg = Debug|Any CPU
		{ECFEFF57-E7E6-402E-97D2-13102CF6E257}.Debug|Any CPU.Build.0 = Debug|Any CPU
		{ECFEFF57-E7E6-402E-97D2-13102CF6E257}.Release|Any CPU.ActiveCfg = Release|Any CPU
		{ECFEFF57-E7E6-402E-97D2-13102CF6E257}.Release|Any CPU.Build.0 = Release|Any CPU
		{EB8EA76A-D8EB-47D1-80AF-C266B0CC5CBD}.Debug|Any CPU.ActiveCfg = Debug|Any CPU
		{EB8EA76A-D8EB-47D1-80AF-C266B0CC5CBD}.Debug|Any CPU.Build.0 = Debug|Any CPU
		{EB8EA76A-D8EB-47D1-80AF-C266B0CC5CBD}.Release|Any CPU.ActiveCfg = Release|Any CPU
		{EB8EA76A-D8EB-47D1-80AF-C266B0CC5CBD}.Release|Any CPU.Build.0 = Release|Any CPU
		{39AD6CEA-007E-49C3-9F14-04D0796B48D2}.Debug|Any CPU.ActiveCfg = Debug|Any CPU
		{39AD6CEA-007E-49C3-9F14-04D0796B48D2}.Debug|Any CPU.Build.0 = Debug|Any CPU
		{39AD6CEA-007E-49C3-9F14-04D0796B48D2}.Release|Any CPU.ActiveCfg = Release|Any CPU
		{39AD6CEA-007E-49C3-9F14-04D0796B48D2}.Release|Any CPU.Build.0 = Release|Any CPU
		{807A59D9-246E-4A5E-AACD-78B0BDDDD608}.Debug|Any CPU.ActiveCfg = Debug|Any CPU
		{807A59D9-246E-4A5E-AACD-78B0BDDDD608}.Debug|Any CPU.Build.0 = Debug|Any CPU
		{807A59D9-246E-4A5E-AACD-78B0BDDDD608}.Release|Any CPU.ActiveCfg = Release|Any CPU
		{807A59D9-246E-4A5E-AACD-78B0BDDDD608}.Release|Any CPU.Build.0 = Release|Any CPU
	EndGlobalSection
	GlobalSection(NestedProjects) = preSolution
		{EB8EA76A-D8EB-47D1-80AF-C266B0CC5CBD} = {DB251140-979C-4C66-AB29-8FBE47E33F20}
		{807A59D9-246E-4A5E-AACD-78B0BDDDD608} = {DB251140-979C-4C66-AB29-8FBE47E33F20}
	EndGlobalSection
EndGlobal
